Microsoft Visual Studio Solution File, Format Version 12.00
# Visual Studio 2012
Project("{FAE04EC0-301F-11D3-BF4B-00C04F79EFBC}") = "PokemonSharp", "PokemonSharp.csproj", "{234F6477-7F0F-45CE-AE02-8A448B6860F1}"
EndProject
Global
	GlobalSection(SolutionConfigurationPlatforms) = preSolution
	Debug|Any CPU = Debug|Any CPU
	ExportDebug|Any CPU = ExportDebug|Any CPU
	ExportRelease|Any CPU = ExportRelease|Any CPU
	EndGlobalSection
	GlobalSection(ProjectConfigurationPlatforms) = postSolution
		{234F6477-7F0F-45CE-AE02-8A448B6860F1}.Debug|Any CPU.ActiveCfg = Debug|Any CPU
		{234F6477-7F0F-45CE-AE02-8A448B6860F1}.Debug|Any CPU.Build.0 = Debug|Any CPU
		{234F6477-7F0F-45CE-AE02-8A448B6860F1}.ExportDebug|Any CPU.ActiveCfg = ExportDebug|Any CPU
		{234F6477-7F0F-45CE-AE02-8A448B6860F1}.ExportDebug|Any CPU.Build.0 = ExportDebug|Any CPU
		{234F6477-7F0F-45CE-AE02-8A448B6860F1}.ExportRelease|Any CPU.ActiveCfg = ExportRelease|Any CPU
		{234F6477-7F0F-45CE-AE02-8A448B6860F1}.ExportRelease|Any CPU.Build.0 = ExportRelease|Any CPU
	EndGlobalSection
EndGlobal
